
Microsoft Visual Studio Solution File, Format Version 12.00
# Visual Studio Version 16
VisualStudioVersion = 16.0.29306.81
MinimumVisualStudioVersion = 10.0.40219.1
Project("{9A19103F-16F7-4668-BE54-9A1E7A4F7556}") = "LinkedList", "LinkedList\LinkedList.csproj", "{158E541E-46DD-4E8F-B5CC-8170951D2362}"
EndProject
Global
	GlobalSection(SolutionConfigurationPlatforms) = preSolution
		Debug|Any CPU = Debug|Any CPU
		Release|Any CPU = Release|Any CPU
	EndGlobalSection
	GlobalSection(ProjectConfigurationPlatforms) = postSolution
		{158E541E-46DD-4E8F-B5CC-8170951D2362}.Debug|Any CPU.ActiveCfg = Debug|Any CPU
		{158E541E-46DD-4E8F-B5CC-8170951D2362}.Debug|Any CPU.Build.0 = Debug|Any CPU
		{158E541E-46DD-4E8F-B5CC-8170951D2362}.Release|Any CPU.ActiveCfg = Release|Any CPU
		{158E541E-46DD-4E8F-B5CC-8170951D2362}.Release|Any CPU.Build.0 = Release|Any CPU
	EndGlobalSection
	GlobalSection(SolutionProperties) = preSolution
		HideSolutionNode = FALSE
	EndGlobalSection
	GlobalSection(ExtensibilityGlobals) = postSolution
		SolutionGuid = {28BEF08A-49B8-4585-9E64-8B4FBAF1CC5F}
	EndGlobalSection
EndGlobal
